// !$*UTF8*$!
{
	archiveVersion = 1;
	classes = {
	};
	objectVersion = 46;
	objects = {

/* Begin PBXBuildFile section */
		ED88EE501552F59D00D932B1 /* UIKit.framework in Frameworks */ = {isa = PBXBuildFile; fileRef = ED88EE4F1552F59D00D932B1 /* UIKit.framework */; };
		ED88EE521552F59D00D932B1 /* Foundation.framework in Frameworks */ = {isa = PBXBuildFile; fileRef = ED88EE511552F59D00D932B1 /* Foundation.framework */; };
		ED88EE541552F59D00D932B1 /* CoreGraphics.framework in Frameworks */ = {isa = PBXBuildFile; fileRef = ED88EE531552F59D00D932B1 /* CoreGraphics.framework */; };
		ED88EE5A1552F59D00D932B1 /* InfoPlist.strings in Resources */ = {isa = PBXBuildFile; fileRef = ED88EE581552F59D00D932B1 /* InfoPlist.strings */; };
		ED88EE5C1552F59D00D932B1 /* main.m in Sources */ = {isa = PBXBuildFile; fileRef = ED88EE5B1552F59D00D932B1 /* main.m */; };
		ED88EE601552F59D00D932B1 /* BLKAppDelegate.m in Sources */ = {isa = PBXBuildFile; fileRef = ED88EE5F1552F59D00D932B1 /* BLKAppDelegate.m */; };
		ED88EE631552F59D00D932B1 /* MainStoryboard.storyboard in Resources */ = {isa = PBXBuildFile; fileRef = ED88EE611552F59D00D932B1 /* MainStoryboard.storyboard */; };
		ED88EE661552F59D00D932B1 /* BLKViewController.m in Sources */ = {isa = PBXBuildFile; fileRef = ED88EE651552F59D00D932B1 /* BLKViewController.m */; };
		ED88EE7315530AE900D932B1 /* filters-bg.png in Resources */ = {isa = PBXBuildFile; fileRef = ED88EE7115530AE900D932B1 /* filters-bg.png */; };
		ED88EE7415530AE900D932B1 /* filters-bg@2x.png in Resources */ = {isa = PBXBuildFile; fileRef = ED88EE7215530AE900D932B1 /* filters-bg@2x.png */; };
		ED88EE7815530BD900D932B1 /* FAMapViewCell.m in Sources */ = {isa = PBXBuildFile; fileRef = ED88EE7715530BD900D932B1 /* FAMapViewCell.m */; };
		ED88EE7B15530C6C00D932B1 /* FABusinessAnnotation.m in Sources */ = {isa = PBXBuildFile; fileRef = ED88EE7A15530C6C00D932B1 /* FABusinessAnnotation.m */; };
		ED88EE7E15530CAC00D932B1 /* FAFeedViewMapController.m in Sources */ = {isa = PBXBuildFile; fileRef = ED88EE7D15530CAC00D932B1 /* FAFeedViewMapController.m */; };
		ED88EE8015530CDE00D932B1 /* MapKit.framework in Frameworks */ = {isa = PBXBuildFile; fileRef = ED88EE7F15530CDD00D932B1 /* MapKit.framework */; };
		ED88EE8215530CEB00D932B1 /* CoreLocation.framework in Frameworks */ = {isa = PBXBuildFile; fileRef = ED88EE8115530CEB00D932B1 /* CoreLocation.framework */; };
		ED88EE8415530CFC00D932B1 /* CFNetwork.framework in Frameworks */ = {isa = PBXBuildFile; fileRef = ED88EE8315530CFC00D932B1 /* CFNetwork.framework */; };
		ED88EE8615530D0200D932B1 /* libz.dylib in Frameworks */ = {isa = PBXBuildFile; fileRef = ED88EE8515530D0200D932B1 /* libz.dylib */; };
		ED88EE8815530D0A00D932B1 /* libxml2.dylib in Frameworks */ = {isa = PBXBuildFile; fileRef = ED88EE8715530D0A00D932B1 /* libxml2.dylib */; };
		ED88EE8A15530D0F00D932B1 /* MobileCoreServices.framework in Frameworks */ = {isa = PBXBuildFile; fileRef = ED88EE8915530D0F00D932B1 /* MobileCoreServices.framework */; };
		ED88EE8C15530D1A00D932B1 /* SystemConfiguration.framework in Frameworks */ = {isa = PBXBuildFile; fileRef = ED88EE8B15530D1A00D932B1 /* SystemConfiguration.framework */; };
		ED88EE9115530F1F00D932B1 /* BLKUnlockMapViewController.m in Sources */ = {isa = PBXBuildFile; fileRef = ED88EE9015530F1E00D932B1 /* BLKUnlockMapViewController.m */; };
/* End PBXBuildFile section */

/* Begin PBXFileReference section */
		ED88EE4B1552F59D00D932B1 /* bLock.app */ = {isa = PBXFileReference; explicitFileType = wrapper.application; includeInIndex = 0; path = bLock.app; sourceTree = BUILT_PRODUCTS_DIR; };
		ED88EE4F1552F59D00D932B1 /* UIKit.framework */ = {isa = PBXFileReference; lastKnownFileType = wrapper.framework; name = UIKit.framework; path = System/Library/Frameworks/UIKit.framework; sourceTree = SDKROOT; };
		ED88EE511552F59D00D932B1 /* Foundation.framework */ = {isa = PBXFileReference; lastKnownFileType = wrapper.framework; name = Foundation.framework; path = System/Library/Frameworks/Foundation.framework; sourceTree = SDKROOT; };
		ED88EE531552F59D00D932B1 /* CoreGraphics.framework */ = {isa = PBXFileReference; lastKnownFileType = wrapper.framework; name = CoreGraphics.framework; path = System/Library/Frameworks/CoreGraphics.framework; sourceTree = SDKROOT; };
		ED88EE571552F59D00D932B1 /* bLock-Info.plist */ = {isa = PBXFileReference; lastKnownFileType = text.plist.xml; path = "bLock-Info.plist"; sourceTree = "<group>"; };
		ED88EE591552F59D00D932B1 /* en */ = {isa = PBXFileReference; lastKnownFileType = text.plist.strings; name = en; path = en.lproj/InfoPlist.strings; sourceTree = "<group>"; };
		ED88EE5B1552F59D00D932B1 /* main.m */ = {isa = PBXFileReference; lastKnownFileType = sourcecode.c.objc; path = main.m; sourceTree = "<group>"; };
		ED88EE5D1552F59D00D932B1 /* bLock-Prefix.pch */ = {isa = PBXFileReference; lastKnownFileType = sourcecode.c.h; path = "bLock-Prefix.pch"; sourceTree = "<group>"; };
		ED88EE5E1552F59D00D932B1 /* BLKAppDelegate.h */ = {isa = PBXFileReference; lastKnownFileType = sourcecode.c.h; path = BLKAppDelegate.h; sourceTree = "<group>"; };
		ED88EE5F1552F59D00D932B1 /* BLKAppDelegate.m */ = {isa = PBXFileReference; lastKnownFileType = sourcecode.c.objc; path = BLKAppDelegate.m; sourceTree = "<group>"; };
		ED88EE621552F59D00D932B1 /* en */ = {isa = PBXFileReference; lastKnownFileType = file.storyboard; name = en; path = en.lproj/MainStoryboard.storyboard; sourceTree = "<group>"; };
		ED88EE641552F59D00D932B1 /* BLKViewController.h */ = {isa = PBXFileReference; lastKnownFileType = sourcecode.c.h; path = BLKViewController.h; sourceTree = "<group>"; };
		ED88EE651552F59D00D932B1 /* BLKViewController.m */ = {isa = PBXFileReference; lastKnownFileType = sourcecode.c.objc; path = BLKViewController.m; sourceTree = "<group>"; };
		ED88EE7115530AE900D932B1 /* filters-bg.png */ = {isa = PBXFileReference; lastKnownFileType = image.png; path = "filters-bg.png"; sourceTree = "<group>"; };
		ED88EE7215530AE900D932B1 /* filters-bg@2x.png */ = {isa = PBXFileReference; lastKnownFileType = image.png; path = "filters-bg@2x.png"; sourceTree = "<group>"; };
		ED88EE7615530BD900D932B1 /* FAMapViewCell.h */ = {isa = PBXFileReference; fileEncoding = 4; lastKnownFileType = sourcecode.c.h; name = FAMapViewCell.h; path = ../../../../../../Downloads/FreshlyiOS/source/FAMapViewCell.h; sourceTree = "<group>"; };
		ED88EE7715530BD900D932B1 /* FAMapViewCell.m */ = {isa = PBXFileReference; fileEncoding = 4; lastKnownFileType = sourcecode.c.objc; name = FAMapViewCell.m; path = ../../../../../../Downloads/FreshlyiOS/source/FAMapViewCell.m; sourceTree = "<group>"; };
		ED88EE7915530C6C00D932B1 /* FABusinessAnnotation.h */ = {isa = PBXFileReference; fileEncoding = 4; lastKnownFileType = sourcecode.c.h; path = FABusinessAnnotation.h; sourceTree = "<group>"; };
		ED88EE7A15530C6C00D932B1 /* FABusinessAnnotation.m */ = {isa = PBXFileReference; fileEncoding = 4; lastKnownFileType = sourcecode.c.objc; path = FABusinessAnnotation.m; sourceTree = "<group>"; };
		ED88EE7C15530CAC00D932B1 /* FAFeedViewMapController.h */ = {isa = PBXFileReference; fileEncoding = 4; lastKnownFileType = sourcecode.c.h; path = FAFeedViewMapController.h; sourceTree = "<group>"; };
		ED88EE7D15530CAC00D932B1 /* FAFeedViewMapController.m */ = {isa = PBXFileReference; fileEncoding = 4; lastKnownFileType = sourcecode.c.objc; path = FAFeedViewMapController.m; sourceTree = "<group>"; };
		ED88EE7F15530CDD00D932B1 /* MapKit.framework */ = {isa = PBXFileReference; lastKnownFileType = wrapper.framework; name = MapKit.framework; path = System/Library/Frameworks/MapKit.framework; sourceTree = SDKROOT; };
		ED88EE8115530CEB00D932B1 /* CoreLocation.framework */ = {isa = PBXFileReference; lastKnownFileType = wrapper.framework; name = CoreLocation.framework; path = System/Library/Frameworks/CoreLocation.framework; sourceTree = SDKROOT; };
		ED88EE8315530CFC00D932B1 /* CFNetwork.framework */ = {isa = PBXFileReference; lastKnownFileType = wrapper.framework; name = CFNetwork.framework; path = System/Library/Frameworks/CFNetwork.framework; sourceTree = SDKROOT; };
		ED88EE8515530D0200D932B1 /* libz.dylib */ = {isa = PBXFileReference; lastKnownFileType = "compiled.mach-o.dylib"; name = libz.dylib; path = usr/lib/libz.dylib; sourceTree = SDKROOT; };
		ED88EE8715530D0A00D932B1 /* libxml2.dylib */ = {isa = PBXFileReference; lastKnownFileType = "compiled.mach-o.dylib"; name = libxml2.dylib; path = usr/lib/libxml2.dylib; sourceTree = SDKROOT; };
		ED88EE8915530D0F00D932B1 /* MobileCoreServices.framework */ = {isa = PBXFileReference; lastKnownFileType = wrapper.framework; name = MobileCoreServices.framework; path = System/Library/Frameworks/MobileCoreServices.framework; sourceTree = SDKROOT; };
		ED88EE8B15530D1A00D932B1 /* SystemConfiguration.framework */ = {isa = PBXFileReference; lastKnownFileType = wrapper.framework; name = SystemConfiguration.framework; path = System/Library/Frameworks/SystemConfiguration.framework; sourceTree = SDKROOT; };
		ED88EE8E15530DE500D932B1 /* Constants.h */ = {isa = PBXFileReference; fileEncoding = 4; lastKnownFileType = sourcecode.c.h; name = Constants.h; path = ../../../../../../Downloads/FreshlyiOS/source/Constants.h; sourceTree = "<group>"; };
		ED88EE8F15530F1E00D932B1 /* BLKUnlockMapViewController.h */ = {isa = PBXFileReference; fileEncoding = 4; lastKnownFileType = sourcecode.c.h; name = BLKUnlockMapViewController.h; path = src/BLKUnlockMapViewController.h; sourceTree = "<group>"; };
		ED88EE9015530F1E00D932B1 /* BLKUnlockMapViewController.m */ = {isa = PBXFileReference; fileEncoding = 4; lastKnownFileType = sourcecode.c.objc; name = BLKUnlockMapViewController.m; path = src/BLKUnlockMapViewController.m; sourceTree = "<group>"; };
/* End PBXFileReference section */

/* Begin PBXFrameworksBuildPhase section */
		ED88EE481552F59C00D932B1 /* Frameworks */ = {
			isa = PBXFrameworksBuildPhase;
			buildActionMask = 2147483647;
			files = (
				ED88EE8615530D0200D932B1 /* libz.dylib in Frameworks */,
				ED88EE8A15530D0F00D932B1 /* MobileCoreServices.framework in Frameworks */,
				ED88EE8C15530D1A00D932B1 /* SystemConfiguration.framework in Frameworks */,
				ED88EE8815530D0A00D932B1 /* libxml2.dylib in Frameworks */,
				ED88EE8015530CDE00D932B1 /* MapKit.framework in Frameworks */,
				ED88EE8415530CFC00D932B1 /* CFNetwork.framework in Frameworks */,
				ED88EE8215530CEB00D932B1 /* CoreLocation.framework in Frameworks */,
				ED88EE501552F59D00D932B1 /* UIKit.framework in Frameworks */,
				ED88EE521552F59D00D932B1 /* Foundation.framework in Frameworks */,
				ED88EE541552F59D00D932B1 /* CoreGraphics.framework in Frameworks */,
			);
			runOnlyForDeploymentPostprocessing = 0;
		};
/* End PBXFrameworksBuildPhase section */

/* Begin PBXGroup section */
		ED88EE401552F59C00D932B1 = {
			isa = PBXGroup;
			children = (
				ED88EE551552F59D00D932B1 /* bLock */,
				ED88EE7015530AC000D932B1 /* resources */,
				ED88EE561552F59D00D932B1 /* Supporting Files */,
				ED88EE4E1552F59D00D932B1 /* Frameworks */,
				ED88EE4C1552F59D00D932B1 /* Products */,
			);
			sourceTree = "<group>";
		};
		ED88EE4C1552F59D00D932B1 /* Products */ = {
			isa = PBXGroup;
			children = (
				ED88EE4B1552F59D00D932B1 /* bLock.app */,
			);
			name = Products;
			sourceTree = "<group>";
		};
		ED88EE4E1552F59D00D932B1 /* Frameworks */ = {
			isa = PBXGroup;
			children = (
				ED88EE8B15530D1A00D932B1 /* SystemConfiguration.framework */,
				ED88EE8915530D0F00D932B1 /* MobileCoreServices.framework */,
				ED88EE8715530D0A00D932B1 /* libxml2.dylib */,
				ED88EE8515530D0200D932B1 /* libz.dylib */,
				ED88EE8315530CFC00D932B1 /* CFNetwork.framework */,
				ED88EE8115530CEB00D932B1 /* CoreLocation.framework */,
				ED88EE7F15530CDD00D932B1 /* MapKit.framework */,
				ED88EE4F1552F59D00D932B1 /* UIKit.framework */,
				ED88EE511552F59D00D932B1 /* Foundation.framework */,
				ED88EE531552F59D00D932B1 /* CoreGraphics.framework */,
			);
			name = Frameworks;
			sourceTree = "<group>";
		};
		ED88EE551552F59D00D932B1 /* bLock */ = {
			isa = PBXGroup;
			children = (
				ED88EE611552F59D00D932B1 /* MainStoryboard.storyboard */,
				ED88EE8D15530DDB00D932B1 /* model */,
				ED88EE5E1552F59D00D932B1 /* BLKAppDelegate.h */,
				ED88EE5F1552F59D00D932B1 /* BLKAppDelegate.m */,
				ED88EE641552F59D00D932B1 /* BLKViewController.h */,
				ED88EE651552F59D00D932B1 /* BLKViewController.m */,
				ED88EE8F15530F1E00D932B1 /* BLKUnlockMapViewController.h */,
				ED88EE9015530F1E00D932B1 /* BLKUnlockMapViewController.m */,
				ED88EE7515530BCC00D932B1 /* map */,
			);
			path = bLock;
			sourceTree = "<group>";
		};
		ED88EE561552F59D00D932B1 /* Supporting Files */ = {
			isa = PBXGroup;
			children = (
				ED88EE571552F59D00D932B1 /* bLock-Info.plist */,
				ED88EE581552F59D00D932B1 /* InfoPlist.strings */,
				ED88EE5B1552F59D00D932B1 /* main.m */,
				ED88EE5D1552F59D00D932B1 /* bLock-Prefix.pch */,
			);
			name = "Supporting Files";
			path = bLock;
			sourceTree = "<group>";
		};
		ED88EE7015530AC000D932B1 /* resources */ = {
			isa = PBXGroup;
			children = (
				ED88EE7115530AE900D932B1 /* filters-bg.png */,
				ED88EE7215530AE900D932B1 /* filters-bg@2x.png */,
			);
			name = resources;
			path = bLock;
			sourceTree = "<group>";
		};
		ED88EE7515530BCC00D932B1 /* map */ = {
			isa = PBXGroup;
			children = (
				ED88EE7C15530CAC00D932B1 /* FAFeedViewMapController.h */,
				ED88EE7D15530CAC00D932B1 /* FAFeedViewMapController.m */,
				ED88EE7915530C6C00D932B1 /* FABusinessAnnotation.h */,
				ED88EE7A15530C6C00D932B1 /* FABusinessAnnotation.m */,
				ED88EE7615530BD900D932B1 /* FAMapViewCell.h */,
				ED88EE7715530BD900D932B1 /* FAMapViewCell.m */,
			);
			name = map;
			sourceTree = "<group>";
		};
		ED88EE8D15530DDB00D932B1 /* model */ = {
			isa = PBXGroup;
			children = (
				ED88EE8E15530DE500D932B1 /* Constants.h */,
			);
			name = model;
			sourceTree = "<group>";
		};
/* End PBXGroup section */

/* Begin PBXNativeTarget section */
		ED88EE4A1552F59C00D932B1 /* bLock */ = {
			isa = PBXNativeTarget;
			buildConfigurationList = ED88EE691552F59D00D932B1 /* Build configuration list for PBXNativeTarget "bLock" */;
			buildPhases = (
				ED88EE471552F59C00D932B1 /* Sources */,
				ED88EE481552F59C00D932B1 /* Frameworks */,
				ED88EE491552F59C00D932B1 /* Resources */,
			);
			buildRules = (
			);
			dependencies = (
			);
			name = bLock;
			productName = bLock;
			productReference = ED88EE4B1552F59D00D932B1 /* bLock.app */;
			productType = "com.apple.product-type.application";
		};
/* End PBXNativeTarget section */

/* Begin PBXProject section */
		ED88EE421552F59C00D932B1 /* Project object */ = {
			isa = PBXProject;
			attributes = {
				LastUpgradeCheck = 0420;
			};
			buildConfigurationList = ED88EE451552F59C00D932B1 /* Build configuration list for PBXProject "bLock" */;
			compatibilityVersion = "Xcode 3.2";
			developmentRegion = English;
			hasScannedForEncodings = 0;
			knownRegions = (
				en,
			);
			mainGroup = ED88EE401552F59C00D932B1;
			productRefGroup = ED88EE4C1552F59D00D932B1 /* Products */;
			projectDirPath = "";
			projectRoot = "";
			targets = (
				ED88EE4A1552F59C00D932B1 /* bLock */,
			);
		};
/* End PBXProject section */

/* Begin PBXResourcesBuildPhase section */
		ED88EE491552F59C00D932B1 /* Resources */ = {
			isa = PBXResourcesBuildPhase;
			buildActionMask = 2147483647;
			files = (
				ED88EE5A1552F59D00D932B1 /* InfoPlist.strings in Resources */,
				ED88EE631552F59D00D932B1 /* MainStoryboard.storyboard in Resources */,
				ED88EE7315530AE900D932B1 /* filters-bg.png in Resources */,
				ED88EE7415530AE900D932B1 /* filters-bg@2x.png in Resources */,
			);
			runOnlyForDeploymentPostprocessing = 0;
		};
/* End PBXResourcesBuildPhase section */

/* Begin PBXSourcesBuildPhase section */
		ED88EE471552F59C00D932B1 /* Sources */ = {
			isa = PBXSourcesBuildPhase;
			buildActionMask = 2147483647;
			files = (
				ED88EE5C1552F59D00D932B1 /* main.m in Sources */,
				ED88EE601552F59D00D932B1 /* BLKAppDelegate.m in Sources */,
				ED88EE661552F59D00D932B1 /* BLKViewController.m in Sources */,
				ED88EE7815530BD900D932B1 /* FAMapViewCell.m in Sources */,
				ED88EE7B15530C6C00D932B1 /* FABusinessAnnotation.m in Sources */,
				ED88EE7E15530CAC00D932B1 /* FAFeedViewMapController.m in Sources */,
				ED88EE9115530F1F00D932B1 /* BLKUnlockMapViewController.m in Sources */,
			);
			runOnlyForDeploymentPostprocessing = 0;
		};
/* End PBXSourcesBuildPhase section */

/* Begin PBXVariantGroup section */
		ED88EE581552F59D00D932B1 /* InfoPlist.strings */ = {
			isa = PBXVariantGroup;
			children = (
				ED88EE591552F59D00D932B1 /* en */,
			);
			name = InfoPlist.strings;
			sourceTree = "<group>";
		};
		ED88EE611552F59D00D932B1 /* MainStoryboard.storyboard */ = {
			isa = PBXVariantGroup;
			children = (
				ED88EE621552F59D00D932B1 /* en */,
			);
			name = MainStoryboard.storyboard;
			sourceTree = "<group>";
		};
/* End PBXVariantGroup section */

/* Begin XCBuildConfiguration section */
		ED88EE671552F59D00D932B1 /* Debug */ = {
			isa = XCBuildConfiguration;
			buildSettings = {
				ALWAYS_SEARCH_USER_PATHS = NO;
				ARCHS = "$(ARCHS_STANDARD_32_BIT)";
				CLANG_ENABLE_OBJC_ARC = YES;
				"CODE_SIGN_IDENTITY[sdk=iphoneos*]" = "iPhone Developer";
				COPY_PHASE_STRIP = NO;
				GCC_C_LANGUAGE_STANDARD = gnu99;
				GCC_DYNAMIC_NO_PIC = NO;
				GCC_OPTIMIZATION_LEVEL = 0;
				GCC_PREPROCESSOR_DEFINITIONS = (
					"DEBUG=1",
					"$(inherited)",
				);
				GCC_SYMBOLS_PRIVATE_EXTERN = NO;
				GCC_VERSION = com.apple.compilers.llvm.clang.1_0;
				GCC_WARN_ABOUT_MISSING_PROTOTYPES = YES;
				GCC_WARN_ABOUT_RETURN_TYPE = YES;
				GCC_WARN_UNUSED_VARIABLE = YES;
				IPHONEOS_DEPLOYMENT_TARGET = 5.0;
				SDKROOT = iphoneos;
			};
			name = Debug;
		};
		ED88EE681552F59D00D932B1 /* Release */ = {
			isa = XCBuildConfiguration;
			buildSettings = {
				ALWAYS_SEARCH_USER_PATHS = NO;
				ARCHS = "$(ARCHS_STANDARD_32_BIT)";
				CLANG_ENABLE_OBJC_ARC = YES;
				"CODE_SIGN_IDENTITY[sdk=iphoneos*]" = "iPhone Developer";
				COPY_PHASE_STRIP = YES;
				GCC_C_LANGUAGE_STANDARD = gnu99;
				GCC_VERSION = com.apple.compilers.llvm.clang.1_0;
				GCC_WARN_ABOUT_MISSING_PROTOTYPES = YES;
				GCC_WARN_ABOUT_RETURN_TYPE = YES;
				GCC_WARN_UNUSED_VARIABLE = YES;
				IPHONEOS_DEPLOYMENT_TARGET = 5.0;
				OTHER_CFLAGS = "-DNS_BLOCK_ASSERTIONS=1";
				SDKROOT = iphoneos;
				VALIDATE_PRODUCT = YES;
			};
			name = Release;
		};
		ED88EE6A1552F59D00D932B1 /* Debug */ = {
			isa = XCBuildConfiguration;
			buildSettings = {
				GCC_PRECOMPILE_PREFIX_HEADER = YES;
				GCC_PREFIX_HEADER = "bLock/bLock-Prefix.pch";
				INFOPLIST_FILE = "bLock/bLock-Info.plist";
				PRODUCT_NAME = "$(TARGET_NAME)";
				WRAPPER_EXTENSION = app;
			};
			name = Debug;
		};
		ED88EE6B1552F59D00D932B1 /* Release */ = {
			isa = XCBuildConfiguration;
			buildSettings = {
				GCC_PRECOMPILE_PREFIX_HEADER = YES;
				GCC_PREFIX_HEADER = "bLock/bLock-Prefix.pch";
				INFOPLIST_FILE = "bLock/bLock-Info.plist";
				PRODUCT_NAME = "$(TARGET_NAME)";
				WRAPPER_EXTENSION = app;
			};
			name = Release;
		};
/* End XCBuildConfiguration section */

/* Begin XCConfigurationList section */
		ED88EE451552F59C00D932B1 /* Build configuration list for PBXProject "bLock" */ = {
			isa = XCConfigurationList;
			buildConfigurations = (
				ED88EE671552F59D00D932B1 /* Debug */,
				ED88EE681552F59D00D932B1 /* Release */,
			);
			defaultConfigurationIsVisible = 0;
			defaultConfigurationName = Release;
		};
		ED88EE691552F59D00D932B1 /* Build configuration list for PBXNativeTarget "bLock" */ = {
			isa = XCConfigurationList;
			buildConfigurations = (
				ED88EE6A1552F59D00D932B1 /* Debug */,
				ED88EE6B1552F59D00D932B1 /* Release */,
			);
			defaultConfigurationIsVisible = 0;
		};
/* End XCConfigurationList section */
	};
	rootObject = ED88EE421552F59C00D932B1 /* Project object */;
}
